
Microsoft Visual Studio Solution File, Format Version 12.00
# Visual Studio Version 16
VisualStudioVersion = 16.0.31019.35
MinimumVisualStudioVersion = 10.0.40219.1
Project("{FAE04EC0-301F-11D3-BF4B-00C04F79EFBC}") = "FOREL", "FOREL\FOREL.csproj", "{6980A18C-C25C-4803-A216-E0B16BB29E36}"
EndProject
Global
	GlobalSection(SolutionConfigurationPlatforms) = preSolution
		Debug|Any CPU = Debug|Any CPU
		Release|Any CPU = Release|Any CPU
	EndGlobalSection
	GlobalSection(ProjectConfigurationPlatforms) = postSolution
		{6980A18C-C25C-4803-A216-E0B16BB29E36}.Debug|Any CPU.ActiveCfg = Debug|Any CPU
		{6980A18C-C25C-4803-A216-E0B16BB29E36}.Debug|Any CPU.Build.0 = Debug|Any CPU
		{6980A18C-C25C-4803-A216-E0B16BB29E36}.Release|Any CPU.ActiveCfg = Release|Any CPU
		{6980A18C-C25C-4803-A216-E0B16BB29E36}.Release|Any CPU.Build.0 = Release|Any CPU
	EndGlobalSection
	GlobalSection(SolutionProperties) = preSolution
		HideSolutionNode = FALSE
	EndGlobalSection
	GlobalSection(ExtensibilityGlobals) = postSolution
		SolutionGuid = {6A954527-A10C-4D40-96BF-5875CACFEEC1}
	EndGlobalSection
EndGlobal
